
Microsoft Visual Studio Solution File, Format Version 12.00
# Visual Studio 15
Project("{FAE04EC0-301F-11D3-BF4B-00C04F79EFBC}") = "Jeanlaurore_CE05", "Jeanlaurore_CE05\Jeanlaurore_CE05.csproj", "{FC627CAC-FA42-4E02-81E8-48D63B2D835E}"
EndProject
Global
	GlobalSection(SolutionConfigurationPlatforms) = preSolution
		Debug|Any CPU = Debug|Any CPU
		Release|Any CPU = Release|Any CPU
	EndGlobalSection
	GlobalSection(ProjectConfigurationPlatforms) = postSolution
		{FC627CAC-FA42-4E02-81E8-48D63B2D835E}.Debug|Any CPU.ActiveCfg = Debug|Any CPU
		{FC627CAC-FA42-4E02-81E8-48D63B2D835E}.Debug|Any CPU.Build.0 = Debug|Any CPU
		{FC627CAC-FA42-4E02-81E8-48D63B2D835E}.Release|Any CPU.ActiveCfg = Release|Any CPU
		{FC627CAC-FA42-4E02-81E8-48D63B2D835E}.Release|Any CPU.Build.0 = Release|Any CPU
	EndGlobalSection
EndGlobal
